
Microsoft Visual Studio Solution File, Format Version 12.00
# Visual Studio Version 17
VisualStudioVersion = 17.8.34322.80
MinimumVisualStudioVersion = 10.0.40219.1
Project("{2150E333-8FDC-42A3-9474-1A3956D46DE8}") = "Solution Items", "Solution Items", "{FCAD4743-A894-49B2-B324-965F57CAD3F6}"
	ProjectSection(SolutionItems) = preProject
		README.md = README.md
	EndProjectSection
EndProject
Project("{9A19103F-16F7-4668-BE54-9A1E7A4F7556}") = "Day01", "Day1\Day01.csproj", "{4E152FED-1FEF-40F5-A428-19092D84F967}"
EndProject
Project("{9A19103F-16F7-4668-BE54-9A1E7A4F7556}") = "Day02", "Day2\Day02.csproj", "{5DA7FF53-0EC7-4C16-A56B-C14C1416D02B}"
EndProject
Project("{9A19103F-16F7-4668-BE54-9A1E7A4F7556}") = "Utilities", "Utilities\Utilities.csproj", "{481E52E9-4C5B-4D2F-A924-C2548D1CA9B6}"
EndProject
Project("{9A19103F-16F7-4668-BE54-9A1E7A4F7556}") = "Day03", "Day3\Day03.csproj", "{8EEED1F6-1776-4C87-9E33-F0C512E81D15}"
EndProject
Project("{9A19103F-16F7-4668-BE54-9A1E7A4F7556}") = "Day04", "Day4\Day04.csproj", "{9CDC4A50-66E9-4216-8BB7-8F68A54D096F}"
EndProject
Project("{9A19103F-16F7-4668-BE54-9A1E7A4F7556}") = "Day05", "Day5\Day05.csproj", "{A0D7AF6E-7003-4CCF-B34F-4A802381B696}"
EndProject
Project("{9A19103F-16F7-4668-BE54-9A1E7A4F7556}") = "Day06", "Day6\Day06.csproj", "{930ADD07-06B2-4799-9302-EE9D4B77AB35}"
EndProject
Project("{9A19103F-16F7-4668-BE54-9A1E7A4F7556}") = "UtilitiesTest", "UtilitiesTest\UtilitiesTest.csproj", "{34DCF532-0D38-4F82-9406-5AAFB805F60E}"
EndProject
Project("{9A19103F-16F7-4668-BE54-9A1E7A4F7556}") = "Day07", "Day7\Day07.csproj", "{65BD4413-F31C-4AB8-B87E-75A1E3DB5823}"
EndProject
Project("{9A19103F-16F7-4668-BE54-9A1E7A4F7556}") = "Day08", "Day8\Day08.csproj", "{1647D5EE-724F-446D-A7BC-0E1A15481770}"
EndProject
Project("{9A19103F-16F7-4668-BE54-9A1E7A4F7556}") = "Day09", "Day9\Day09.csproj", "{3BE063C5-98D8-4082-8088-4E8250476066}"
EndProject
Project("{9A19103F-16F7-4668-BE54-9A1E7A4F7556}") = "Day10", "Day10\Day10.csproj", "{2F5723B7-D9DE-4242-A028-C8147AC39D8B}"
EndProject
Project("{9A19103F-16F7-4668-BE54-9A1E7A4F7556}") = "Day11", "Day11\Day11.csproj", "{AEA80550-E9DC-48AC-AEFC-CD7A88F22732}"
EndProject
Project("{9A19103F-16F7-4668-BE54-9A1E7A4F7556}") = "Day12", "Day12\Day12.csproj", "{076A943D-5EEE-42E3-BCA0-84A604185DEF}"
EndProject
Project("{9A19103F-16F7-4668-BE54-9A1E7A4F7556}") = "Day13", "Day13\Day13.csproj", "{1EB79FAC-5F5F-48CB-9E60-4C0B250CE2D5}"
EndProject
Project("{9A19103F-16F7-4668-BE54-9A1E7A4F7556}") = "Day14", "Day14\Day14.csproj", "{5BBBC46E-A793-4A7F-B3F8-CFE4A509B0D6}"
EndProject
Project("{9A19103F-16F7-4668-BE54-9A1E7A4F7556}") = "Day15", "Day15\Day15.csproj", "{A1F1055A-7949-449B-810E-9231D932692E}"
EndProject
Project("{9A19103F-16F7-4668-BE54-9A1E7A4F7556}") = "Day16", "Day16\Day16.csproj", "{AEE5B55E-0EB2-4628-8424-30718DD0DFAD}"
EndProject
Project("{FAE04EC0-301F-11D3-BF4B-00C04F79EFBC}") = "Day17", "Day17\Day17.csproj", "{16B2B82D-F9C1-49CF-8121-7CED9CCCD6C9}"
EndProject
Project("{FAE04EC0-301F-11D3-BF4B-00C04F79EFBC}") = "Day18", "Day18\Day18.csproj", "{3D6A1050-3560-4942-8ECF-17873D11ABFB}"
EndProject
Project("{FAE04EC0-301F-11D3-BF4B-00C04F79EFBC}") = "Day19", "Day19\Day19.csproj", "{403FCA11-2EED-4926-ADE9-56DB3D03A5C4}"
EndProject
Project("{FAE04EC0-301F-11D3-BF4B-00C04F79EFBC}") = "Day20", "Day20\Day20.csproj", "{3FB20A00-58C6-4828-96A8-B5E40F5F0E9B}"
EndProject
Project("{FAE04EC0-301F-11D3-BF4B-00C04F79EFBC}") = "Day21", "Day21\Day21.csproj", "{A389B2DD-A134-468D-8D78-C935EAE60DF7}"
EndProject
Project("{FAE04EC0-301F-11D3-BF4B-00C04F79EFBC}") = "Day22", "Day22\Day22.csproj", "{B9EC35DF-BA21-4225-B012-A6F635EE83EC}"
EndProject
Project("{FAE04EC0-301F-11D3-BF4B-00C04F79EFBC}") = "Day23", "Day23\Day23.csproj", "{4911C756-7787-48BF-8381-48616EA339CB}"
EndProject
Project("{FAE04EC0-301F-11D3-BF4B-00C04F79EFBC}") = "Day24", "Day24\Day24.csproj", "{72CBA4C7-1A48-4687-83E7-B4039B20C24B}"
EndProject
Project("{FAE04EC0-301F-11D3-BF4B-00C04F79EFBC}") = "Day25", "Day25\Day25.csproj", "{E730F3BD-8F03-45D9-AD62-868438C27526}"
EndProject
Global
	GlobalSection(SolutionConfigurationPlatforms) = preSolution
		Debug|Any CPU = Debug|Any CPU
		Release|Any CPU = Release|Any CPU
	EndGlobalSection
	GlobalSection(ProjectConfigurationPlatforms) = postSolution
		{4E152FED-1FEF-40F5-A428-19092D84F967}.Debug|Any CPU.ActiveCfg = Debug|Any CPU
		{4E152FED-1FEF-40F5-A428-19092D84F967}.Debug|Any CPU.Build.0 = Debug|Any CPU
		{4E152FED-1FEF-40F5-A428-19092D84F967}.Release|Any CPU.ActiveCfg = Release|Any CPU
		{4E152FED-1FEF-40F5-A428-19092D84F967}.Release|Any CPU.Build.0 = Release|Any CPU
		{5DA7FF53-0EC7-4C16-A56B-C14C1416D02B}.Debug|Any CPU.ActiveCfg = Debug|Any CPU
		{5DA7FF53-0EC7-4C16-A56B-C14C1416D02B}.Debug|Any CPU.Build.0 = Debug|Any CPU
		{5DA7FF53-0EC7-4C16-A56B-C14C1416D02B}.Release|Any CPU.ActiveCfg = Release|Any CPU
		{5DA7FF53-0EC7-4C16-A56B-C14C1416D02B}.Release|Any CPU.Build.0 = Release|Any CPU
		{481E52E9-4C5B-4D2F-A924-C2548D1CA9B6}.Debug|Any CPU.ActiveCfg = Debug|Any CPU
		{481E52E9-4C5B-4D2F-A924-C2548D1CA9B6}.Debug|Any CPU.Build.0 = Debug|Any CPU
		{481E52E9-4C5B-4D2F-A924-C2548D1CA9B6}.Release|Any CPU.ActiveCfg = Release|Any CPU
		{481E52E9-4C5B-4D2F-A924-C2548D1CA9B6}.Release|Any CPU.Build.0 = Release|Any CPU
		{8EEED1F6-1776-4C87-9E33-F0C512E81D15}.Debug|Any CPU.ActiveCfg = Debug|Any CPU
		{8EEED1F6-1776-4C87-9E33-F0C512E81D15}.Debug|Any CPU.Build.0 = Debug|Any CPU
		{8EEED1F6-1776-4C87-9E33-F0C512E81D15}.Release|Any CPU.ActiveCfg = Release|Any CPU
		{8EEED1F6-1776-4C87-9E33-F0C512E81D15}.Release|Any CPU.Build.0 = Release|Any CPU
		{9CDC4A50-66E9-4216-8BB7-8F68A54D096F}.Debug|Any CPU.ActiveCfg = Debug|Any CPU
		{9CDC4A50-66E9-4216-8BB7-8F68A54D096F}.Debug|Any CPU.Build.0 = Debug|Any CPU
		{9CDC4A50-66E9-4216-8BB7-8F68A54D096F}.Release|Any CPU.ActiveCfg = Release|Any CPU
		{9CDC4A50-66E9-4216-8BB7-8F68A54D096F}.Release|Any CPU.Build.0 = Release|Any CPU
		{A0D7AF6E-7003-4CCF-B34F-4A802381B696}.Debug|Any CPU.ActiveCfg = Debug|Any CPU
		{A0D7AF6E-7003-4CCF-B34F-4A802381B696}.Debug|Any CPU.Build.0 = Debug|Any CPU
		{A0D7AF6E-7003-4CCF-B34F-4A802381B696}.Release|Any CPU.ActiveCfg = Release|Any CPU
		{A0D7AF6E-7003-4CCF-B34F-4A802381B696}.Release|Any CPU.Build.0 = Release|Any CPU
		{930ADD07-06B2-4799-9302-EE9D4B77AB35}.Debug|Any CPU.ActiveCfg = Debug|Any CPU
		{930ADD07-06B2-4799-9302-EE9D4B77AB35}.Debug|Any CPU.Build.0 = Debug|Any CPU
		{930ADD07-06B2-4799-9302-EE9D4B77AB35}.Release|Any CPU.ActiveCfg = Release|Any CPU
		{930ADD07-06B2-4799-9302-EE9D4B77AB35}.Release|Any CPU.Build.0 = Release|Any CPU
		{34DCF532-0D38-4F82-9406-5AAFB805F60E}.Debug|Any CPU.ActiveCfg = Debug|Any CPU
		{34DCF532-0D38-4F82-9406-5AAFB805F60E}.Debug|Any CPU.Build.0 = Debug|Any CPU
		{34DCF532-0D38-4F82-9406-5AAFB805F60E}.Release|Any CPU.ActiveCfg = Release|Any CPU
		{34DCF532-0D38-4F82-9406-5AAFB805F60E}.Release|Any CPU.Build.0 = Release|Any CPU
		{65BD4413-F31C-4AB8-B87E-75A1E3DB5823}.Debug|Any CPU.ActiveCfg = Debug|Any CPU
		{65BD4413-F31C-4AB8-B87E-75A1E3DB5823}.Debug|Any CPU.Build.0 = Debug|Any CPU
		{65BD4413-F31C-4AB8-B87E-75A1E3DB5823}.Release|Any CPU.ActiveCfg = Release|Any CPU
		{65BD4413-F31C-4AB8-B87E-75A1E3DB5823}.Release|Any CPU.Build.0 = Release|Any CPU
		{1647D5EE-724F-446D-A7BC-0E1A15481770}.Debug|Any CPU.ActiveCfg = Debug|Any CPU
		{1647D5EE-724F-446D-A7BC-0E1A15481770}.Debug|Any CPU.Build.0 = Debug|Any CPU
		{1647D5EE-724F-446D-A7BC-0E1A15481770}.Release|Any CPU.ActiveCfg = Release|Any CPU
		{1647D5EE-724F-446D-A7BC-0E1A15481770}.Release|Any CPU.Build.0 = Release|Any CPU
		{3BE063C5-98D8-4082-8088-4E8250476066}.Debug|Any CPU.ActiveCfg = Debug|Any CPU
		{3BE063C5-98D8-4082-8088-4E8250476066}.Debug|Any CPU.Build.0 = Debug|Any CPU
		{3BE063C5-98D8-4082-8088-4E8250476066}.Release|Any CPU.ActiveCfg = Release|Any CPU
		{3BE063C5-98D8-4082-8088-4E8250476066}.Release|Any CPU.Build.0 = Release|Any CPU
		{2F5723B7-D9DE-4242-A028-C8147AC39D8B}.Debug|Any CPU.ActiveCfg = Debug|Any CPU
		{2F5723B7-D9DE-4242-A028-C8147AC39D8B}.Debug|Any CPU.Build.0 = Debug|Any CPU
		{2F5723B7-D9DE-4242-A028-C8147AC39D8B}.Release|Any CPU.ActiveCfg = Release|Any CPU
		{2F5723B7-D9DE-4242-A028-C8147AC39D8B}.Release|Any CPU.Build.0 = Release|Any CPU
		{AEA80550-E9DC-48AC-AEFC-CD7A88F22732}.Debug|Any CPU.ActiveCfg = Debug|Any CPU
		{AEA80550-E9DC-48AC-AEFC-CD7A88F22732}.Debug|Any CPU.Build.0 = Debug|Any CPU
		{AEA80550-E9DC-48AC-AEFC-CD7A88F22732}.Release|Any CPU.ActiveCfg = Release|Any CPU
		{AEA80550-E9DC-48AC-AEFC-CD7A88F22732}.Release|Any CPU.Build.0 = Release|Any CPU
		{076A943D-5EEE-42E3-BCA0-84A604185DEF}.Debug|Any CPU.ActiveCfg = Debug|Any CPU
		{076A943D-5EEE-42E3-BCA0-84A604185DEF}.Debug|Any CPU.Build.0 = Debug|Any CPU
		{076A943D-5EEE-42E3-BCA0-84A604185DEF}.Release|Any CPU.ActiveCfg = Release|Any CPU
		{076A943D-5EEE-42E3-BCA0-84A604185DEF}.Release|Any CPU.Build.0 = Release|Any CPU
		{1EB79FAC-5F5F-48CB-9E60-4C0B250CE2D5}.Debug|Any CPU.ActiveCfg = Debug|Any CPU
		{1EB79FAC-5F5F-48CB-9E60-4C0B250CE2D5}.Debug|Any CPU.Build.0 = Debug|Any CPU
		{1EB79FAC-5F5F-48CB-9E60-4C0B250CE2D5}.Release|Any CPU.ActiveCfg = Release|Any CPU
		{1EB79FAC-5F5F-48CB-9E60-4C0B250CE2D5}.Release|Any CPU.Build.0 = Release|Any CPU
		{5BBBC46E-A793-4A7F-B3F8-CFE4A509B0D6}.Debug|Any CPU.ActiveCfg = Debug|Any CPU
		{5BBBC46E-A793-4A7F-B3F8-CFE4A509B0D6}.Debug|Any CPU.Build.0 = Debug|Any CPU
		{5BBBC46E-A793-4A7F-B3F8-CFE4A509B0D6}.Release|Any CPU.ActiveCfg = Release|Any CPU
		{5BBBC46E-A793-4A7F-B3F8-CFE4A509B0D6}.Release|Any CPU.Build.0 = Release|Any CPU
		{A1F1055A-7949-449B-810E-9231D932692E}.Debug|Any CPU.ActiveCfg = Debug|Any CPU
		{A1F1055A-7949-449B-810E-9231D932692E}.Debug|Any CPU.Build.0 = Debug|Any CPU
		{A1F1055A-7949-449B-810E-9231D932692E}.Release|Any CPU.ActiveCfg = Release|Any CPU
		{A1F1055A-7949-449B-810E-9231D932692E}.Release|Any CPU.Build.0 = Release|Any CPU
		{AEE5B55E-0EB2-4628-8424-30718DD0DFAD}.Debug|Any CPU.ActiveCfg = Debug|Any CPU
		{AEE5B55E-0EB2-4628-8424-30718DD0DFAD}.Debug|Any CPU.Build.0 = Debug|Any CPU
		{AEE5B55E-0EB2-4628-8424-30718DD0DFAD}.Release|Any CPU.ActiveCfg = Release|Any CPU
		{AEE5B55E-0EB2-4628-8424-30718DD0DFAD}.Release|Any CPU.Build.0 = Release|Any CPU
		{16B2B82D-F9C1-49CF-8121-7CED9CCCD6C9}.Debug|Any CPU.ActiveCfg = Debug|Any CPU
		{16B2B82D-F9C1-49CF-8121-7CED9CCCD6C9}.Debug|Any CPU.Build.0 = Debug|Any CPU
		{16B2B82D-F9C1-49CF-8121-7CED9CCCD6C9}.Release|Any CPU.ActiveCfg = Release|Any CPU
		{16B2B82D-F9C1-49CF-8121-7CED9CCCD6C9}.Release|Any CPU.Build.0 = Release|Any CPU
		{3D6A1050-3560-4942-8ECF-17873D11ABFB}.Debug|Any CPU.ActiveCfg = Debug|Any CPU
		{3D6A1050-3560-4942-8ECF-17873D11ABFB}.Debug|Any CPU.Build.0 = Debug|Any CPU
		{3D6A1050-3560-4942-8ECF-17873D11ABFB}.Release|Any CPU.ActiveCfg = Release|Any CPU
		{3D6A1050-3560-4942-8ECF-17873D11ABFB}.Release|Any CPU.Build.0 = Release|Any CPU
		{403FCA11-2EED-4926-ADE9-56DB3D03A5C4}.Debug|Any CPU.ActiveCfg = Debug|Any CPU
		{403FCA11-2EED-4926-ADE9-56DB3D03A5C4}.Debug|Any CPU.Build.0 = Debug|Any CPU
		{403FCA11-2EED-4926-ADE9-56DB3D03A5C4}.Release|Any CPU.ActiveCfg = Release|Any CPU
		{403FCA11-2EED-4926-ADE9-56DB3D03A5C4}.Release|Any CPU.Build.0 = Release|Any CPU
		{3FB20A00-58C6-4828-96A8-B5E40F5F0E9B}.Debug|Any CPU.ActiveCfg = Debug|Any CPU
		{3FB20A00-58C6-4828-96A8-B5E40F5F0E9B}.Debug|Any CPU.Build.0 = Debug|Any CPU
		{3FB20A00-58C6-4828-96A8-B5E40F5F0E9B}.Release|Any CPU.ActiveCfg = Release|Any CPU
		{3FB20A00-58C6-4828-96A8-B5E40F5F0E9B}.Release|Any CPU.Build.0 = Release|Any CPU
		{A389B2DD-A134-468D-8D78-C935EAE60DF7}.Debug|Any CPU.ActiveCfg = Debug|Any CPU
		{A389B2DD-A134-468D-8D78-C935EAE60DF7}.Debug|Any CPU.Build.0 = Debug|Any CPU
		{A389B2DD-A134-468D-8D78-C935EAE60DF7}.Release|Any CPU.ActiveCfg = Release|Any CPU
		{A389B2DD-A134-468D-8D78-C935EAE60DF7}.Release|Any CPU.Build.0 = Release|Any CPU
		{B9EC35DF-BA21-4225-B012-A6F635EE83EC}.Debug|Any CPU.ActiveCfg = Debug|Any CPU
		{B9EC35DF-BA21-4225-B012-A6F635EE83EC}.Debug|Any CPU.Build.0 = Debug|Any CPU
		{B9EC35DF-BA21-4225-B012-A6F635EE83EC}.Release|Any CPU.ActiveCfg = Release|Any CPU
		{B9EC35DF-BA21-4225-B012-A6F635EE83EC}.Release|Any CPU.Build.0 = Release|Any CPU
		{4911C756-7787-48BF-8381-48616EA339CB}.Debug|Any CPU.ActiveCfg = Debug|Any CPU
		{4911C756-7787-48BF-8381-48616EA339CB}.Debug|Any CPU.Build.0 = Debug|Any CPU
		{4911C756-7787-48BF-8381-48616EA339CB}.Release|Any CPU.ActiveCfg = Release|Any CPU
		{4911C756-7787-48BF-8381-48616EA339CB}.Release|Any CPU.Build.0 = Release|Any CPU
		{72CBA4C7-1A48-4687-83E7-B4039B20C24B}.Debug|Any CPU.ActiveCfg = Debug|Any CPU
		{72CBA4C7-1A48-4687-83E7-B4039B20C24B}.Debug|Any CPU.Build.0 = Debug|Any CPU
		{72CBA4C7-1A48-4687-83E7-B4039B20C24B}.Release|Any CPU.ActiveCfg = Release|Any CPU
		{72CBA4C7-1A48-4687-83E7-B4039B20C24B}.Release|Any CPU.Build.0 = Release|Any CPU
		{E730F3BD-8F03-45D9-AD62-868438C27526}.Debug|Any CPU.ActiveCfg = Debug|Any CPU
		{E730F3BD-8F03-45D9-AD62-868438C27526}.Debug|Any CPU.Build.0 = Debug|Any CPU
		{E730F3BD-8F03-45D9-AD62-868438C27526}.Release|Any CPU.ActiveCfg = Release|Any CPU
		{E730F3BD-8F03-45D9-AD62-868438C27526}.Release|Any CPU.Build.0 = Release|Any CPU
	EndGlobalSection
	GlobalSection(SolutionProperties) = preSolution
		HideSolutionNode = FALSE
	EndGlobalSection
	GlobalSection(ExtensibilityGlobals) = postSolution
		SolutionGuid = {B9EE46BB-C791-4C46-9C88-5549BE0652F4}
	EndGlobalSection
EndGlobal
