
Microsoft Visual Studio Solution File, Format Version 12.00
# Visual Studio Version 17
VisualStudioVersion = 17.5.002.0
MinimumVisualStudioVersion = 10.0.40219.1
Project("{9A19103F-16F7-4668-BE54-9A1E7A4F7556}") = "Day10", "Day10.csproj", "{E504DEC6-D3DE-433E-B6F7-9C275DF7779A}"
EndProject
Global
	GlobalSection(SolutionConfigurationPlatforms) = preSolution
		Debug|Any CPU = Debug|Any CPU
		Release|Any CPU = Release|Any CPU
	EndGlobalSection
	GlobalSection(ProjectConfigurationPlatforms) = postSolution
		{E504DEC6-D3DE-433E-B6F7-9C275DF7779A}.Debug|Any CPU.ActiveCfg = Debug|Any CPU
		{E504DEC6-D3DE-433E-B6F7-9C275DF7779A}.Debug|Any CPU.Build.0 = Debug|Any CPU
		{E504DEC6-D3DE-433E-B6F7-9C275DF7779A}.Release|Any CPU.ActiveCfg = Release|Any CPU
		{E504DEC6-D3DE-433E-B6F7-9C275DF7779A}.Release|Any CPU.Build.0 = Release|Any CPU
	EndGlobalSection
	GlobalSection(SolutionProperties) = preSolution
		HideSolutionNode = FALSE
	EndGlobalSection
	GlobalSection(ExtensibilityGlobals) = postSolution
		SolutionGuid = {AD99C5DB-9AF9-45D5-8A59-04FD46288516}
	EndGlobalSection
EndGlobal
